
Microsoft Visual Studio Solution File, Format Version 12.00
# Visual Studio Version 17
VisualStudioVersion = 17.6.33723.286
MinimumVisualStudioVersion = 10.0.40219.1
Project("{FAE04EC0-301F-11D3-BF4B-00C04F79EFBC}") = "CatalogServiceAPI", "CatalogServiceAPI\CatalogServiceAPI.csproj", "{599F461D-8C3E-4BEB-8F73-2163FB0A6981}"
EndProject
Global
	GlobalSection(SolutionConfigurationPlatforms) = preSolution
		Debug|Any CPU = Debug|Any CPU
		Release|Any CPU = Release|Any CPU
	EndGlobalSection
	GlobalSection(ProjectConfigurationPlatforms) = postSolution
		{599F461D-8C3E-4BEB-8F73-2163FB0A6981}.Debug|Any CPU.ActiveCfg = Debug|Any CPU
		{599F461D-8C3E-4BEB-8F73-2163FB0A6981}.Debug|Any CPU.Build.0 = Debug|Any CPU
		{599F461D-8C3E-4BEB-8F73-2163FB0A6981}.Release|Any CPU.ActiveCfg = Release|Any CPU
		{599F461D-8C3E-4BEB-8F73-2163FB0A6981}.Release|Any CPU.Build.0 = Release|Any CPU
	EndGlobalSection
	GlobalSection(SolutionProperties) = preSolution
		HideSolutionNode = FALSE
	EndGlobalSection
	GlobalSection(ExtensibilityGlobals) = postSolution
		SolutionGuid = {307E43BA-5B89-4AA1-9DE6-CF6267B6BF09}
	EndGlobalSection
EndGlobal
